Test

Microsoft Visual Studio Solution File, Format Version 12.00
# Visual Studio 15
VisualStudioVersion = 15.0.28307.705
MinimumVisualStudioVersion = 10.0.40219.1
Project("{FAE04EC0-301F-11D3-BF4B-00C04F79EFBC}") = "Fox Hunting", "Fox Hunting\Fox Hunting.csproj", "{D02B1DC2-9698-4166-9F89-206BECE877E1}"
EndProject
Global
	GlobalSection(SolutionConfigurationPlatforms) = preSolution
		Debug|Any CPU = Debug|Any CPU
		Release|Any CPU = Release|Any CPU
	EndGlobalSection
	GlobalSection(ProjectConfigurationPlatforms) = postSolution
		{D02B1DC2-9698-4166-9F89-206BECE877E1}.Debug|Any CPU.ActiveCfg = Debug|Any CPU
		{D02B1DC2-9698-4166-9F89-206BECE877E1}.Debug|Any CPU.Build.0 = Debug|Any CPU
		{D02B1DC2-9698-4166-9F89-206BECE877E1}.Release|Any CPU.ActiveCfg = Release|Any CPU
		{D02B1DC2-9698-4166-9F89-206BECE877E1}.Release|Any CPU.Build.0 = Release|Any CPU
	EndGlobalSection
	GlobalSection(SolutionProperties) = preSolution
		HideSolutionNode = FALSE
	EndGlobalSection
	GlobalSection(ExtensibilityGlobals) = postSolution
		SolutionGuid = {E2C6E7FB-5BF1-4EF8-9DF4-58B24AD8ECF6}
	EndGlobalSection
EndGlobal
